
Microsoft Visual Studio Solution File, Format Version 12.00
# Visual Studio Version 16
VisualStudioVersion = 16.0.29911.84
MinimumVisualStudioVersion = 10.0.40219.1
Project("{9A19103F-16F7-4668-BE54-9A1E7A4F7556}") = "TrakkerServer", "trakker-server\TrakkerServer.csproj", "{087C6325-2F4E-4301-95F7-4EA2361AB9E6}"
EndProject
Project("{9A19103F-16F7-4668-BE54-9A1E7A4F7556}") = "TrakkerModels", "..\trakker-snapshot-provider\trakker-models\trakker-models\trakker-models\TrakkerModels.csproj", "{7562B9A8-4BEC-49F9-946E-200003FF8EDE}"
EndProject
Project("{9A19103F-16F7-4668-BE54-9A1E7A4F7556}") = "SnapshotProvider", "..\trakker-snapshot-provider\SnapshotProvider\SnapshotProvider\SnapshotProvider.csproj", "{06083289-098B-4433-8DF0-F6217B6D5F4D}"
EndProject
Project("{FAE04EC0-301F-11D3-BF4B-00C04F79EFBC}") = "TrakkerServerTests", "TrakkerServerTests\TrakkerServerTests.csproj", "{58F240A5-539F-4652-B94F-C9B8FDC2C56F}"
EndProject
Global
	GlobalSection(SolutionConfigurationPlatforms) = preSolution
		Debug|Any CPU = Debug|Any CPU
		Release|Any CPU = Release|Any CPU
	EndGlobalSection
	GlobalSection(ProjectConfigurationPlatforms) = postSolution
		{087C6325-2F4E-4301-95F7-4EA2361AB9E6}.Debug|Any CPU.ActiveCfg = Debug|Any CPU
		{087C6325-2F4E-4301-95F7-4EA2361AB9E6}.Debug|Any CPU.Build.0 = Debug|Any CPU
		{087C6325-2F4E-4301-95F7-4EA2361AB9E6}.Release|Any CPU.ActiveCfg = Release|Any CPU
		{087C6325-2F4E-4301-95F7-4EA2361AB9E6}.Release|Any CPU.Build.0 = Release|Any CPU
		{7562B9A8-4BEC-49F9-946E-200003FF8EDE}.Debug|Any CPU.ActiveCfg = Debug|Any CPU
		{7562B9A8-4BEC-49F9-946E-200003FF8EDE}.Debug|Any CPU.Build.0 = Debug|Any CPU
		{7562B9A8-4BEC-49F9-946E-200003FF8EDE}.Release|Any CPU.ActiveCfg = Release|Any CPU
		{7562B9A8-4BEC-49F9-946E-200003FF8EDE}.Release|Any CPU.Build.0 = Release|Any CPU
		{06083289-098B-4433-8DF0-F6217B6D5F4D}.Debug|Any CPU.ActiveCfg = Debug|Any CPU
		{06083289-098B-4433-8DF0-F6217B6D5F4D}.Debug|Any CPU.Build.0 = Debug|Any CPU
		{06083289-098B-4433-8DF0-F6217B6D5F4D}.Release|Any CPU.ActiveCfg = Release|Any CPU
		{06083289-098B-4433-8DF0-F6217B6D5F4D}.Release|Any CPU.Build.0 = Release|Any CPU
		{58F240A5-539F-4652-B94F-C9B8FDC2C56F}.Debug|Any CPU.ActiveCfg = Debug|Any CPU
		{58F240A5-539F-4652-B94F-C9B8FDC2C56F}.Debug|Any CPU.Build.0 = Debug|Any CPU
		{58F240A5-539F-4652-B94F-C9B8FDC2C56F}.Release|Any CPU.ActiveCfg = Release|Any CPU
		{58F240A5-539F-4652-B94F-C9B8FDC2C56F}.Release|Any CPU.Build.0 = Release|Any CPU
	EndGlobalSection
	GlobalSection(SolutionProperties) = preSolution
		HideSolutionNode = FALSE
	EndGlobalSection
	GlobalSection(ExtensibilityGlobals) = postSolution
		SolutionGuid = {BF5FC987-8348-4438-AB1F-C8E771C13190}
	EndGlobalSection
EndGlobal
